
Microsoft Visual Studio Solution File, Format Version 12.00
# Visual Studio 15
VisualStudioVersion = 15.0.27130.2026
MinimumVisualStudioVersion = 10.0.40219.1
Project("{FAE04EC0-301F-11D3-BF4B-00C04F79EFBC}") = "MakePdf.Wpf", "MakePdf.Wpf\MakePdf.Wpf.csproj", "{31F31550-A83F-47D0-99B5-330B21E5EA33}"
EndProject
Project("{FAE04EC0-301F-11D3-BF4B-00C04F79EFBC}") = "MakePdf.Core", "MakePdf.Core\MakePdf.Core.csproj", "{56B048B9-7F8D-4DCB-9338-AFFE963A167A}"
EndProject
Project("{FAE04EC0-301F-11D3-BF4B-00C04F79EFBC}") = "MakePdf.Core.Tests", "MakePdf.Core.Tests\MakePdf.Core.Tests.csproj", "{420F53EE-5A48-4A5F-931C-5740678AF65B}"
EndProject
Project("{9A19103F-16F7-4668-BE54-9A1E7A4F7556}") = "SimpleUpdater.Tests", "SimpleUpdater.Tests\SimpleUpdater.Tests.csproj", "{FE994272-E821-407E-A24C-C54E7E6AAFB3}"
EndProject
Project("{FAE04EC0-301F-11D3-BF4B-00C04F79EFBC}") = "SimpleUpdater.Core", "SimpleUpdater.Core\SimpleUpdater.Core.csproj", "{5D91E96A-C711-44E8-A586-F31CFA3BDE91}"
EndProject
Project("{FAE04EC0-301F-11D3-BF4B-00C04F79EFBC}") = "SimpleUpdater", "SimpleUpdater\SimpleUpdater.csproj", "{EC7942C8-2FC9-413F-A100-BCF20AA0072E}"
EndProject
Global
	GlobalSection(SolutionConfigurationPlatforms) = preSolution
		Debug|Any CPU = Debug|Any CPU
		Release|Any CPU = Release|Any CPU
	EndGlobalSection
	GlobalSection(ProjectConfigurationPlatforms) = postSolution
		{31F31550-A83F-47D0-99B5-330B21E5EA33}.Debug|Any CPU.ActiveCfg = Debug|Any CPU
		{31F31550-A83F-47D0-99B5-330B21E5EA33}.Debug|Any CPU.Build.0 = Debug|Any CPU
		{31F31550-A83F-47D0-99B5-330B21E5EA33}.Release|Any CPU.ActiveCfg = Release|Any CPU
		{31F31550-A83F-47D0-99B5-330B21E5EA33}.Release|Any CPU.Build.0 = Release|Any CPU
		{56B048B9-7F8D-4DCB-9338-AFFE963A167A}.Debug|Any CPU.ActiveCfg = Debug|Any CPU
		{56B048B9-7F8D-4DCB-9338-AFFE963A167A}.Debug|Any CPU.Build.0 = Debug|Any CPU
		{56B048B9-7F8D-4DCB-9338-AFFE963A167A}.Release|Any CPU.ActiveCfg = Release|Any CPU
		{56B048B9-7F8D-4DCB-9338-AFFE963A167A}.Release|Any CPU.Build.0 = Release|Any CPU
		{420F53EE-5A48-4A5F-931C-5740678AF65B}.Debug|Any CPU.ActiveCfg = Debug|Any CPU
		{420F53EE-5A48-4A5F-931C-5740678AF65B}.Debug|Any CPU.Build.0 = Debug|Any CPU
		{420F53EE-5A48-4A5F-931C-5740678AF65B}.Release|Any CPU.ActiveCfg = Release|Any CPU
		{420F53EE-5A48-4A5F-931C-5740678AF65B}.Release|Any CPU.Build.0 = Release|Any CPU
		{FE994272-E821-407E-A24C-C54E7E6AAFB3}.Debug|Any CPU.ActiveCfg = Debug|Any CPU
		{FE994272-E821-407E-A24C-C54E7E6AAFB3}.Debug|Any CPU.Build.0 = Debug|Any CPU
		{FE994272-E821-407E-A24C-C54E7E6AAFB3}.Release|Any CPU.ActiveCfg = Release|Any CPU
		{FE994272-E821-407E-A24C-C54E7E6AAFB3}.Release|Any CPU.Build.0 = Release|Any CPU
		{5D91E96A-C711-44E8-A586-F31CFA3BDE91}.Debug|Any CPU.ActiveCfg = Debug|Any CPU
		{5D91E96A-C711-44E8-A586-F31CFA3BDE91}.Debug|Any CPU.Build.0 = Debug|Any CPU
		{5D91E96A-C711-44E8-A586-F31CFA3BDE91}.Release|Any CPU.ActiveCfg = Release|Any CPU
		{5D91E96A-C711-44E8-A586-F31CFA3BDE91}.Release|Any CPU.Build.0 = Release|Any CPU
		{EC7942C8-2FC9-413F-A100-BCF20AA0072E}.Debug|Any CPU.ActiveCfg = Debug|Any CPU
		{EC7942C8-2FC9-413F-A100-BCF20AA0072E}.Debug|Any CPU.Build.0 = Debug|Any CPU
		{EC7942C8-2FC9-413F-A100-BCF20AA0072E}.Release|Any CPU.ActiveCfg = Release|Any CPU
		{EC7942C8-2FC9-413F-A100-BCF20AA0072E}.Release|Any CPU.Build.0 = Release|Any CPU
	EndGlobalSection
	GlobalSection(SolutionProperties) = preSolution
		HideSolutionNode = FALSE
	EndGlobalSection
	GlobalSection(ExtensibilityGlobals) = postSolution
		SolutionGuid = {12C9CB77-EB81-4B0E-BE31-5667A8A6CDD9}
	EndGlobalSection
EndGlobal
